
Microsoft Visual Studio Solution File, Format Version 12.00
# Visual Studio Version 17
VisualStudioVersion = 17.12.35707.178
MinimumVisualStudioVersion = 10.0.40219.1
Project("{FAE04EC0-301F-11D3-BF4B-00C04F79EFBC}") = "BookStore", "BookStore\BookStore.csproj", "{F69F441F-8CF9-4EF9-A92E-23ABD590AF8D}"
EndProject
Project("{FAE04EC0-301F-11D3-BF4B-00C04F79EFBC}") = "Domain", "Domain\Domain.csproj", "{92C31C56-5A66-452E-BF16-D1E46C21FE2C}"
EndProject
Project("{FAE04EC0-301F-11D3-BF4B-00C04F79EFBC}") = "Application", "Application\Application.csproj", "{F2D69EE3-EAAF-4825-8F60-E46C58EE0552}"
EndProject
Project("{FAE04EC0-301F-11D3-BF4B-00C04F79EFBC}") = "Presentation", "Presentation\Presentation.csproj", "{E9BDC952-3EF1-4CF1-9394-7F787FFEC19E}"
EndProject
Project("{FAE04EC0-301F-11D3-BF4B-00C04F79EFBC}") = "Infrastucture", "Infrastucture\Infrastucture.csproj", "{F5BD4C14-FDA0-482E-8071-2ECBD5C62F38}"
EndProject
Project("{2150E333-8FDC-42A3-9474-1A3956D46DE8}") = "Solution Items", "Solution Items", "{E1AF0B99-917F-49B4-94BE-DB9BCB662DD2}"
EndProject
Global
	GlobalSection(SolutionConfigurationPlatforms) = preSolution
		Debug|Any CPU = Debug|Any CPU
		Release|Any CPU = Release|Any CPU
	EndGlobalSection
	GlobalSection(ProjectConfigurationPlatforms) = postSolution
		{F69F441F-8CF9-4EF9-A92E-23ABD590AF8D}.Debug|Any CPU.ActiveCfg = Debug|Any CPU
		{F69F441F-8CF9-4EF9-A92E-23ABD590AF8D}.Debug|Any CPU.Build.0 = Debug|Any CPU
		{F69F441F-8CF9-4EF9-A92E-23ABD590AF8D}.Release|Any CPU.ActiveCfg = Release|Any CPU
		{F69F441F-8CF9-4EF9-A92E-23ABD590AF8D}.Release|Any CPU.Build.0 = Release|Any CPU
		{92C31C56-5A66-452E-BF16-D1E46C21FE2C}.Debug|Any CPU.ActiveCfg = Debug|Any CPU
		{92C31C56-5A66-452E-BF16-D1E46C21FE2C}.Debug|Any CPU.Build.0 = Debug|Any CPU
		{92C31C56-5A66-452E-BF16-D1E46C21FE2C}.Release|Any CPU.ActiveCfg = Release|Any CPU
		{92C31C56-5A66-452E-BF16-D1E46C21FE2C}.Release|Any CPU.Build.0 = Release|Any CPU
		{F2D69EE3-EAAF-4825-8F60-E46C58EE0552}.Debug|Any CPU.ActiveCfg = Debug|Any CPU
		{F2D69EE3-EAAF-4825-8F60-E46C58EE0552}.Debug|Any CPU.Build.0 = Debug|Any CPU
		{F2D69EE3-EAAF-4825-8F60-E46C58EE0552}.Release|Any CPU.ActiveCfg = Release|Any CPU
		{F2D69EE3-EAAF-4825-8F60-E46C58EE0552}.Release|Any CPU.Build.0 = Release|Any CPU
		{E9BDC952-3EF1-4CF1-9394-7F787FFEC19E}.Debug|Any CPU.ActiveCfg = Debug|Any CPU
		{E9BDC952-3EF1-4CF1-9394-7F787FFEC19E}.Debug|Any CPU.Build.0 = Debug|Any CPU
		{E9BDC952-3EF1-4CF1-9394-7F787FFEC19E}.Release|Any CPU.ActiveCfg = Release|Any CPU
		{E9BDC952-3EF1-4CF1-9394-7F787FFEC19E}.Release|Any CPU.Build.0 = Release|Any CPU
		{F5BD4C14-FDA0-482E-8071-2ECBD5C62F38}.Debug|Any CPU.ActiveCfg = Debug|Any CPU
		{F5BD4C14-FDA0-482E-8071-2ECBD5C62F38}.Debug|Any CPU.Build.0 = Debug|Any CPU
		{F5BD4C14-FDA0-482E-8071-2ECBD5C62F38}.Release|Any CPU.ActiveCfg = Release|Any CPU
		{F5BD4C14-FDA0-482E-8071-2ECBD5C62F38}.Release|Any CPU.Build.0 = Release|Any CPU
	EndGlobalSection
	GlobalSection(SolutionProperties) = preSolution
		HideSolutionNode = FALSE
	EndGlobalSection
EndGlobal
